<?xml version="1.0" encoding="utf-8"?>
<Project ToolsVersion="4.0" xmlns="http://schemas.microsoft.com/developer/msbuild/2003">
  <ItemGroup>
    <Filter Include="Source Files">
      <UniqueIdentifier>{4FC737F1-C7A5-4376-A066-2A32D752A2FF}</UniqueIdentifier>
      <Extensions>cpp;c;cc;cxx;def;odl;idl;hpj;bat;asm;asmx</Extensions>
    </Filter>
    <Filter Include="Header Files">
      <UniqueIdentifier>{93995380-89BD-4b04-88EB-625FBE52EBFB}</UniqueIdentifier>
      <Extensions>h;hpp;hxx;hm;inl;inc;xsd</Extensions>
    </Filter>
    <Filter Include="Resource Files">
      <UniqueIdentifier>{67DA6AB6-F800-4c08-8B7A-83BB121AAD01}</UniqueIdentifier>
      <Extensions>rc;ico;cur;bmp;dlg;rc2;rct;bin;rgs;gif;jpg;jpeg;jpe;resx;tiff;tif;png;wav;mfcribbon-ms</Extensions>
    </Filter>
    <Filter Include="Source Files\rt">
      <UniqueIdentifier>{3f547d69-7fe5-4cd3-8996-16b63804220b}</UniqueIdentifier>
    </Filter>
    <Filter Include="Header Files\tracer">
      <UniqueIdentifier>{b5e06382-46a9-4203-b6a8-a387a049ee78}</UniqueIdentifier>
    </Filter>
  </ItemGroup>
  <ItemGroup>
    <CudaCompile Include="kdtree.cu">
      <Filter>Source Files</Filter>
    </CudaCompile>
    <CudaCompile Include="animation_n_stuff.cu">
      <Filter>Source Files</Filter>
    </CudaCompile>
    <CudaCompile Include="rtracer\tracer.cu">
      <Filter>Source Files\rt</Filter>
    </CudaCompile>
    <CudaCompile Include="rtracer\tracer_kernel.cu">
      <Filter>Source Files\rt</Filter>
    </CudaCompile>
    <CudaCompile Include="MemoryPool.cu">
      <Filter>Source Files</Filter>
    </CudaCompile>
    <CudaCompile Include="kd_kernel.cu">
      <Filter>Source Files</Filter>
    </CudaCompile>
  </ItemGroup>
  <ItemGroup>
    <ClCompile Include="main.cpp">
      <Filter>Source Files</Filter>
    </ClCompile>
  </ItemGroup>
  <ItemGroup>
    <None Include="kdtree.cuh">
      <Filter>Header Files</Filter>
    </None>
    <None Include="cuTimer.cuh">
      <Filter>Header Files</Filter>
    </None>
    <None Include="rtracer\tracer.cuh">
      <Filter>Header Files\tracer</Filter>
    </None>
  </ItemGroup>
  <ItemGroup>
    <ClInclude Include="DoubleBuffer.h">
      <Filter>Header Files</Filter>
    </ClInclude>
    <ClInclude Include="MemoryPool.h">
      <Filter>Header Files</Filter>
    </ClInclude>
    <ClInclude Include="SoA.h">
      <Filter>Header Files</Filter>
    </ClInclude>
    <ClInclude Include="kd_kernel.h">
      <Filter>Header Files</Filter>
    </ClInclude>
    <ClInclude Include="veb.h">
      <Filter>Header Files</Filter>
    </ClInclude>
  </ItemGroup>
</Project>