<?xml version="1.0" encoding="utf-8"?>
<Project ToolsVersion="4.0" xmlns="http://schemas.microsoft.com/developer/msbuild/2003">
  <ItemGroup>
    <Filter Include="Source Files">
      <UniqueIdentifier>{4FC737F1-C7A5-4376-A066-2A32D752A2FF}</UniqueIdentifier>
      <Extensions>cpp;c;cc;cxx;def;odl;idl;hpj;bat;asm;asmx</Extensions>
    </Filter>
    <Filter Include="Header Files">
      <UniqueIdentifier>{93995380-89BD-4b04-88EB-625FBE52EBFB}</UniqueIdentifier>
      <Extensions>h;hpp;hxx;hm;inl;inc;xsd</Extensions>
    </Filter>
    <Filter Include="Resource Files">
      <UniqueIdentifier>{67DA6AB6-F800-4c08-8B7A-83BB121AAD01}</UniqueIdentifier>
      <Extensions>rc;ico;cur;bmp;dlg;rc2;rct;bin;rgs;gif;jpg;jpeg;jpe;resx;tiff;tif;png;wav;mfcribbon-ms</Extensions>
    </Filter>
  </ItemGroup>
  <ItemGroup>
    <ClInclude Include="chimera\Actor.h">
      <Filter>Header Files</Filter>
    </ClInclude>
    <ClInclude Include="chimera\ActorFactory.h">
      <Filter>Header Files</Filter>
    </ClInclude>
    <ClInclude Include="chimera\AIView.h">
      <Filter>Header Files</Filter>
    </ClInclude>
    <ClInclude Include="chimera\Animation.h">
      <Filter>Header Files</Filter>
    </ClInclude>
    <ClInclude Include="chimera\AxisAlignedBB.h">
      <Filter>Header Files</Filter>
    </ClInclude>
    <ClInclude Include="chimera\BasicApp.h">
      <Filter>Header Files</Filter>
    </ClInclude>
    <ClInclude Include="chimera\ByteStream.h">
      <Filter>Header Files</Filter>
    </ClInclude>
    <ClInclude Include="chimera\Camera.h">
      <Filter>Header Files</Filter>
    </ClInclude>
    <ClInclude Include="chimera\CameraDebugNode.h">
      <Filter>Header Files</Filter>
    </ClInclude>
    <ClInclude Include="chimera\CameraTracking.h">
      <Filter>Header Files</Filter>
    </ClInclude>
    <ClInclude Include="chimera\CascadedShadowMapper.h">
      <Filter>Header Files</Filter>
    </ClInclude>
    <ClInclude Include="chimera\Commands.h">
      <Filter>Header Files</Filter>
    </ClInclude>
    <ClInclude Include="chimera\Components.h">
      <Filter>Header Files</Filter>
    </ClInclude>
    <ClInclude Include="chimera\Config.h">
      <Filter>Header Files</Filter>
    </ClInclude>
    <ClInclude Include="chimera\ConstBuffer.h">
      <Filter>Header Files</Filter>
    </ClInclude>
    <ClInclude Include="chimera\Cudah.h">
      <Filter>Header Files</Filter>
    </ClInclude>
    <ClInclude Include="chimera\CudaTransformationNode.h">
      <Filter>Header Files</Filter>
    </ClInclude>
    <ClInclude Include="chimera\d3d.h">
      <Filter>Header Files</Filter>
    </ClInclude>
    <ClInclude Include="chimera\D3DRenderer.h">
      <Filter>Header Files</Filter>
    </ClInclude>
    <ClInclude Include="chimera\D3DResource.h">
      <Filter>Header Files</Filter>
    </ClInclude>
    <ClInclude Include="chimera\DebugSceneNode.h">
      <Filter>Header Files</Filter>
    </ClInclude>
    <ClInclude Include="chimera\DebugStartup.h">
      <Filter>Header Files</Filter>
    </ClInclude>
    <ClInclude Include="chimera\EditNode.h">
      <Filter>Header Files</Filter>
    </ClInclude>
    <ClInclude Include="chimera\Effect.h">
      <Filter>Header Files</Filter>
    </ClInclude>
    <ClInclude Include="chimera\Event.h">
      <Filter>Header Files</Filter>
    </ClInclude>
    <ClInclude Include="chimera\EventManager.h">
      <Filter>Header Files</Filter>
    </ClInclude>
    <ClInclude Include="chimera\FPSControler.h">
      <Filter>Header Files</Filter>
    </ClInclude>
    <ClInclude Include="chimera\Frustum.h">
      <Filter>Header Files</Filter>
    </ClInclude>
    <ClInclude Include="chimera\GameApp.h">
      <Filter>Header Files</Filter>
    </ClInclude>
    <ClInclude Include="chimera\GameInputActions.h">
      <Filter>Header Files</Filter>
    </ClInclude>
    <ClInclude Include="chimera\GameLogic.h">
      <Filter>Header Files</Filter>
    </ClInclude>
    <ClInclude Include="chimera\GameView.h">
      <Filter>Header Files</Filter>
    </ClInclude>
    <ClInclude Include="chimera\Geometry.h">
      <Filter>Header Files</Filter>
    </ClInclude>
    <ClInclude Include="chimera\GeometryFactory.h">
      <Filter>Header Files</Filter>
    </ClInclude>
    <ClInclude Include="chimera\GraphicsSettings.h">
      <Filter>Header Files</Filter>
    </ClInclude>
    <ClInclude Include="chimera\GuiComponent.h">
      <Filter>Header Files</Filter>
    </ClInclude>
    <ClInclude Include="chimera\GuiHelper.h">
      <Filter>Header Files</Filter>
    </ClInclude>
    <ClInclude Include="chimera\Input.h">
      <Filter>Header Files</Filter>
    </ClInclude>
    <ClInclude Include="chimera\InstancedMeshNode.h">
      <Filter>Header Files</Filter>
    </ClInclude>
    <ClInclude Include="chimera\Level.h">
      <Filter>Header Files</Filter>
    </ClInclude>
    <ClInclude Include="chimera\Line.h">
      <Filter>Header Files</Filter>
    </ClInclude>
    <ClInclude Include="chimera\Locker.h">
      <Filter>Header Files</Filter>
    </ClInclude>
    <ClInclude Include="chimera\Logger.h">
      <Filter>Header Files</Filter>
    </ClInclude>
    <ClInclude Include="chimera\LuaHelper.h">
      <Filter>Header Files</Filter>
    </ClInclude>
    <ClInclude Include="chimera\Mat4.h">
      <Filter>Header Files</Filter>
    </ClInclude>
    <ClInclude Include="chimera\Material.h">
      <Filter>Header Files</Filter>
    </ClInclude>
    <ClInclude Include="chimera\math.h">
      <Filter>Header Files</Filter>
    </ClInclude>
    <ClInclude Include="chimera\Maze.h">
      <Filter>Header Files</Filter>
    </ClInclude>
    <ClInclude Include="chimera\Mesh.h">
      <Filter>Header Files</Filter>
    </ClInclude>
    <ClInclude Include="chimera\MeshNode.h">
      <Filter>Header Files</Filter>
    </ClInclude>
    <ClInclude Include="chimera\Packman.h">
      <Filter>Header Files</Filter>
    </ClInclude>
    <ClInclude Include="chimera\PackmanLogic.h">
      <Filter>Header Files</Filter>
    </ClInclude>
    <ClInclude Include="chimera\ParticleManager.h">
      <Filter>Header Files</Filter>
    </ClInclude>
    <ClInclude Include="chimera\ParticleNode.h">
      <Filter>Header Files</Filter>
    </ClInclude>
    <ClInclude Include="chimera\ParticleSystem.h">
      <Filter>Header Files</Filter>
    </ClInclude>
    <ClInclude Include="chimera\PhysicsSystem.h">
      <Filter>Header Files</Filter>
    </ClInclude>
    <ClInclude Include="chimera\Picker.h">
      <Filter>Header Files</Filter>
    </ClInclude>
    <ClInclude Include="chimera\Plane.h">
      <Filter>Header Files</Filter>
    </ClInclude>
    <ClInclude Include="chimera\PointLightNode.h">
      <Filter>Header Files</Filter>
    </ClInclude>
    <ClInclude Include="chimera\Process.h">
      <Filter>Header Files</Filter>
    </ClInclude>
    <ClInclude Include="chimera\ProcessManager.h">
      <Filter>Header Files</Filter>
    </ClInclude>
    <ClInclude Include="chimera\Profiling.h">
      <Filter>Header Files</Filter>
    </ClInclude>
    <ClInclude Include="chimera\Renderer.h">
      <Filter>Header Files</Filter>
    </ClInclude>
    <ClInclude Include="chimera\RenderPath.h">
      <Filter>Header Files</Filter>
    </ClInclude>
    <ClInclude Include="chimera\RenderTarget.h">
      <Filter>Header Files</Filter>
    </ClInclude>
    <ClInclude Include="chimera\resource.h">
      <Filter>Header Files</Filter>
    </ClInclude>
    <ClInclude Include="chimera\Resources.h">
      <Filter>Header Files</Filter>
    </ClInclude>
    <ClInclude Include="chimera\SceneGraph.h">
      <Filter>Header Files</Filter>
    </ClInclude>
    <ClInclude Include="chimera\SceneNode.h">
      <Filter>Header Files</Filter>
    </ClInclude>
    <ClInclude Include="chimera\Scheduler.h">
      <Filter>Header Files</Filter>
    </ClInclude>
    <ClInclude Include="chimera\ScreenElement.h">
      <Filter>Header Files</Filter>
    </ClInclude>
    <ClInclude Include="chimera\Script.h">
      <Filter>Header Files</Filter>
    </ClInclude>
    <ClInclude Include="chimera\ScriptEvent.h">
      <Filter>Header Files</Filter>
    </ClInclude>
    <ClInclude Include="chimera\ShaderProgram.h">
      <Filter>Header Files</Filter>
    </ClInclude>
    <ClInclude Include="chimera\SkyDomeNode.h">
      <Filter>Header Files</Filter>
    </ClInclude>
    <ClInclude Include="chimera\Sound.h">
      <Filter>Header Files</Filter>
    </ClInclude>
    <ClInclude Include="chimera\SoundEngine.h">
      <Filter>Header Files</Filter>
    </ClInclude>
    <ClInclude Include="chimera\Spline.h">
      <Filter>Header Files</Filter>
    </ClInclude>
    <ClInclude Include="chimera\stdafx.h">
      <Filter>Header Files</Filter>
    </ClInclude>
    <ClInclude Include="chimera\targetver.h">
      <Filter>Header Files</Filter>
    </ClInclude>
    <ClInclude Include="chimera\tbdFont.h">
      <Filter>Header Files</Filter>
    </ClInclude>
    <ClInclude Include="chimera\tbdStack.h">
      <Filter>Header Files</Filter>
    </ClInclude>
    <ClInclude Include="chimera\Texture.h">
      <Filter>Header Files</Filter>
    </ClInclude>
    <ClInclude Include="chimera\Thread.h">
      <Filter>Header Files</Filter>
    </ClInclude>
    <ClInclude Include="chimera\Timer.h">
      <Filter>Header Files</Filter>
    </ClInclude>
    <ClInclude Include="chimera\tinyxml2.h">
      <Filter>Header Files</Filter>
    </ClInclude>
    <ClInclude Include="chimera\ts_queue.h">
      <Filter>Header Files</Filter>
    </ClInclude>
    <ClInclude Include="chimera\util.h">
      <Filter>Header Files</Filter>
    </ClInclude>
    <ClInclude Include="chimera\Vec3.h">
      <Filter>Header Files</Filter>
    </ClInclude>
    <ClInclude Include="chimera\Vec4.h">
      <Filter>Header Files</Filter>
    </ClInclude>
    <ClInclude Include="chimera\VRamManager.h">
      <Filter>Header Files</Filter>
    </ClInclude>
    <ClInclude Include="..\Assets\shader\ShaderGlobals.h">
      <Filter>Resource Files</Filter>
    </ClInclude>
    <ClInclude Include="resource.h">
      <Filter>Header Files</Filter>
    </ClInclude>
    <ClInclude Include="resource1.h">
      <Filter>Header Files</Filter>
    </ClInclude>
  </ItemGroup>
  <ItemGroup>
    <ClCompile Include="chimera\Actor.cpp">
      <Filter>Source Files</Filter>
    </ClCompile>
    <ClCompile Include="chimera\ActorFactory.cpp">
      <Filter>Source Files</Filter>
    </ClCompile>
    <ClCompile Include="chimera\AIView.cpp">
      <Filter>Source Files</Filter>
    </ClCompile>
    <ClCompile Include="chimera\AnchorNode.cpp">
      <Filter>Source Files</Filter>
    </ClCompile>
    <ClCompile Include="chimera\AxisAlignedBB.cpp">
      <Filter>Source Files</Filter>
    </ClCompile>
    <ClCompile Include="chimera\BasicApp.cpp">
      <Filter>Source Files</Filter>
    </ClCompile>
    <ClCompile Include="chimera\ByteStream.cpp">
      <Filter>Source Files</Filter>
    </ClCompile>
    <ClCompile Include="chimera\Camera.cpp">
      <Filter>Source Files</Filter>
    </ClCompile>
    <ClCompile Include="chimera\CameraDebugNode.cpp">
      <Filter>Source Files</Filter>
    </ClCompile>
    <ClCompile Include="chimera\CameraTracking.cpp">
      <Filter>Source Files</Filter>
    </ClCompile>
    <ClCompile Include="chimera\CascadedShadowMapper.cpp">
      <Filter>Source Files</Filter>
    </ClCompile>
    <ClCompile Include="chimera\Commands.cpp">
      <Filter>Source Files</Filter>
    </ClCompile>
    <ClCompile Include="chimera\Components.cpp">
      <Filter>Source Files</Filter>
    </ClCompile>
    <ClCompile Include="chimera\Config.cpp">
      <Filter>Source Files</Filter>
    </ClCompile>
    <ClCompile Include="chimera\ConstBuffer.cpp">
      <Filter>Source Files</Filter>
    </ClCompile>
    <ClCompile Include="chimera\Controller.cpp">
      <Filter>Source Files</Filter>
    </ClCompile>
    <ClCompile Include="chimera\Cudah.cpp">
      <Filter>Source Files</Filter>
    </ClCompile>
    <ClCompile Include="chimera\CudaTransformationNode.cpp">
      <Filter>Source Files</Filter>
    </ClCompile>
    <ClCompile Include="chimera\d3d.cpp">
      <Filter>Source Files</Filter>
    </ClCompile>
    <ClCompile Include="chimera\D3DRenderer.cpp">
      <Filter>Source Files</Filter>
    </ClCompile>
    <ClCompile Include="chimera\Effect.cpp">
      <Filter>Source Files</Filter>
    </ClCompile>
    <ClCompile Include="chimera\Event.cpp">
      <Filter>Source Files</Filter>
    </ClCompile>
    <ClCompile Include="chimera\EventManager.cpp">
      <Filter>Source Files</Filter>
    </ClCompile>
    <ClCompile Include="chimera\FPSControler.cpp">
      <Filter>Source Files</Filter>
    </ClCompile>
    <ClCompile Include="chimera\Frustum.cpp">
      <Filter>Source Files</Filter>
    </ClCompile>
    <ClCompile Include="chimera\GameApp.cpp">
      <Filter>Source Files</Filter>
    </ClCompile>
    <ClCompile Include="chimera\GameInputActions.cpp">
      <Filter>Source Files</Filter>
    </ClCompile>
    <ClCompile Include="chimera\GameLogic.cpp">
      <Filter>Source Files</Filter>
    </ClCompile>
    <ClCompile Include="chimera\GameView.cpp">
      <Filter>Source Files</Filter>
    </ClCompile>
    <ClCompile Include="chimera\Geometry.cpp">
      <Filter>Source Files</Filter>
    </ClCompile>
    <ClCompile Include="chimera\GeometryFactory.cpp">
      <Filter>Source Files</Filter>
    </ClCompile>
    <ClCompile Include="chimera\GeometryNode.cpp">
      <Filter>Source Files</Filter>
    </ClCompile>
    <ClCompile Include="chimera\GraphicsSettings.cpp">
      <Filter>Source Files</Filter>
    </ClCompile>
    <ClCompile Include="chimera\GuiComponent.cpp">
      <Filter>Source Files</Filter>
    </ClCompile>
    <ClCompile Include="chimera\Input.cpp">
      <Filter>Source Files</Filter>
    </ClCompile>
    <ClCompile Include="chimera\InstancedMeshNode.cpp">
      <Filter>Source Files</Filter>
    </ClCompile>
    <ClCompile Include="chimera\Level.cpp">
      <Filter>Source Files</Filter>
    </ClCompile>
    <ClCompile Include="chimera\LoaderImp.cpp">
      <Filter>Source Files</Filter>
    </ClCompile>
    <ClCompile Include="chimera\Logger.cpp">
      <Filter>Source Files</Filter>
    </ClCompile>
    <ClCompile Include="chimera\LuaHelper.cpp">
      <Filter>Source Files</Filter>
    </ClCompile>
    <ClCompile Include="chimera\Main.cpp">
      <Filter>Source Files</Filter>
    </ClCompile>
    <ClCompile Include="chimera\Material.cpp">
      <Filter>Source Files</Filter>
    </ClCompile>
    <ClCompile Include="chimera\MatVec.cpp">
      <Filter>Source Files</Filter>
    </ClCompile>
    <ClCompile Include="chimera\Maze.cpp">
      <Filter>Source Files</Filter>
    </ClCompile>
    <ClCompile Include="chimera\Mesh.cpp">
      <Filter>Source Files</Filter>
    </ClCompile>
    <ClCompile Include="chimera\MeshNode.cpp">
      <Filter>Source Files</Filter>
    </ClCompile>
    <ClCompile Include="chimera\Modifier.cpp">
      <Filter>Source Files</Filter>
    </ClCompile>
    <ClCompile Include="chimera\Packman.cpp">
      <Filter>Source Files</Filter>
    </ClCompile>
    <ClCompile Include="chimera\PackmanLogic.cpp">
      <Filter>Source Files</Filter>
    </ClCompile>
    <ClCompile Include="chimera\ParticleManager.cpp">
      <Filter>Source Files</Filter>
    </ClCompile>
    <ClCompile Include="chimera\ParticleNode.cpp">
      <Filter>Source Files</Filter>
    </ClCompile>
    <ClCompile Include="chimera\ParticleSystem.cpp">
      <Filter>Source Files</Filter>
    </ClCompile>
    <ClCompile Include="chimera\PhysicsSystem.cpp">
      <Filter>Source Files</Filter>
    </ClCompile>
    <ClCompile Include="chimera\Picker.cpp">
      <Filter>Source Files</Filter>
    </ClCompile>
    <ClCompile Include="chimera\PointLightNode.cpp">
      <Filter>Source Files</Filter>
    </ClCompile>
    <ClCompile Include="chimera\Process.cpp">
      <Filter>Source Files</Filter>
    </ClCompile>
    <ClCompile Include="chimera\ProcessManager.cpp">
      <Filter>Source Files</Filter>
    </ClCompile>
    <ClCompile Include="chimera\Profiling.cpp">
      <Filter>Source Files</Filter>
    </ClCompile>
    <ClCompile Include="chimera\RenderTarget.cpp">
      <Filter>Source Files</Filter>
    </ClCompile>
    <ClCompile Include="chimera\Resources.cpp">
      <Filter>Source Files</Filter>
    </ClCompile>
    <ClCompile Include="chimera\SceneGraph.cpp">
      <Filter>Source Files</Filter>
    </ClCompile>
    <ClCompile Include="chimera\SceneNode.cpp">
      <Filter>Source Files</Filter>
    </ClCompile>
    <ClCompile Include="chimera\Scheduler.cpp">
      <Filter>Source Files</Filter>
    </ClCompile>
    <ClCompile Include="chimera\ScreenElement.cpp">
      <Filter>Source Files</Filter>
    </ClCompile>
    <ClCompile Include="chimera\Script.cpp">
      <Filter>Source Files</Filter>
    </ClCompile>
    <ClCompile Include="chimera\ScriptEvent.cpp">
      <Filter>Source Files</Filter>
    </ClCompile>
    <ClCompile Include="chimera\ShaderProgram.cpp">
      <Filter>Source Files</Filter>
    </ClCompile>
    <ClCompile Include="chimera\SkyDomeNode.cpp">
      <Filter>Source Files</Filter>
    </ClCompile>
    <ClCompile Include="chimera\Sound.cpp">
      <Filter>Source Files</Filter>
    </ClCompile>
    <ClCompile Include="chimera\SoundEngine.cpp">
      <Filter>Source Files</Filter>
    </ClCompile>
    <ClCompile Include="chimera\SoundProcess.cpp">
      <Filter>Source Files</Filter>
    </ClCompile>
    <ClCompile Include="chimera\Spline.cpp">
      <Filter>Source Files</Filter>
    </ClCompile>
    <ClCompile Include="chimera\tbdFont.cpp">
      <Filter>Source Files</Filter>
    </ClCompile>
    <ClCompile Include="chimera\tbdStack.cpp">
      <Filter>Source Files</Filter>
    </ClCompile>
    <ClCompile Include="chimera\Texture.cpp">
      <Filter>Source Files</Filter>
    </ClCompile>
    <ClCompile Include="chimera\Thread.cpp">
      <Filter>Source Files</Filter>
    </ClCompile>
    <ClCompile Include="chimera\Timer.cpp">
      <Filter>Source Files</Filter>
    </ClCompile>
    <ClCompile Include="chimera\tinyxml2.cpp">
      <Filter>Source Files</Filter>
    </ClCompile>
    <ClCompile Include="chimera\util.cpp">
      <Filter>Source Files</Filter>
    </ClCompile>
    <ClCompile Include="chimera\VRamManager.cpp">
      <Filter>Source Files</Filter>
    </ClCompile>
  </ItemGroup>
  <ItemGroup>
    <None Include="chimera\GeometryTransformation.cu">
      <Filter>Resource Files</Filter>
    </None>
    <None Include="chimera\Particles.cuh">
      <Filter>Resource Files</Filter>
    </None>
    <None Include="chimera\Transformation.cuh">
      <Filter>Resource Files</Filter>
    </None>
    <None Include="..\Assets\shader\BoundingGeo.hlsl">
      <Filter>Resource Files</Filter>
    </None>
    <None Include="..\Assets\shader\CascadedShadowMap.hlsl">
      <Filter>Resource Files</Filter>
    </None>
    <None Include="..\Assets\shader\DefShading.hlsl">
      <Filter>Resource Files</Filter>
    </None>
    <None Include="..\Assets\shader\Effects.hlsl">
      <Filter>Resource Files</Filter>
    </None>
    <None Include="..\Assets\shader\GeometryTransformation.ptx">
      <Filter>Resource Files</Filter>
    </None>
    <None Include="..\Assets\shader\Gui.hlsl">
      <Filter>Resource Files</Filter>
    </None>
    <None Include="..\Assets\shader\Lighting.hlsl">
      <Filter>Resource Files</Filter>
    </None>
    <None Include="..\Assets\shader\Main.hlsl">
      <Filter>Resource Files</Filter>
    </None>
    <None Include="..\Assets\shader\Particles.hlsl">
      <Filter>Resource Files</Filter>
    </None>
    <None Include="..\Assets\shader\Particles.ptx">
      <Filter>Resource Files</Filter>
    </None>
    <None Include="..\Assets\shader\Picking.hlsl">
      <Filter>Resource Files</Filter>
    </None>
    <None Include="..\Assets\shader\PointLightShadowMap.hlsl">
      <Filter>Resource Files</Filter>
    </None>
    <None Include="..\Assets\shader\ScreenQuad.hlsl">
      <Filter>Resource Files</Filter>
    </None>
    <None Include="..\Assets\shader\Sky.hlsl">
      <Filter>Resource Files</Filter>
    </None>
    <None Include="..\Assets\shader\Transparency.hlsl">
      <Filter>Resource Files</Filter>
    </None>
    <None Include="..\Assets\icon\icon.ico">
      <Filter>Resource Files</Filter>
    </None>
  </ItemGroup>
  <ItemGroup>
    <CudaCompile Include="chimera\Particles.cu">
      <Filter>Resource Files</Filter>
    </CudaCompile>
  </ItemGroup>
  <ItemGroup>
    <ResourceCompile Include="Chimera.rc">
      <Filter>Resource Files</Filter>
    </ResourceCompile>
  </ItemGroup>
</Project>